
Microsoft Visual Studio Solution File, Format Version 12.00
# Visual Studio 15
VisualStudioVersion = 15.0.27428.2043
MinimumVisualStudioVersion = 10.0.40219.1
Project("{FAE04EC0-301F-11D3-BF4B-00C04F79EFBC}") = "RequestConsolidate", "RequestConsolidate\RequestConsolidate.csproj", "{E5B4094C-AB80-4C33-AB6F-2E4EBFC8FEEC}"
EndProject
Project("{FAE04EC0-301F-11D3-BF4B-00C04F79EFBC}") = "RequestConsolidateTests", "RequestConsolidateTests\RequestConsolidateTests.csproj", "{60740D39-D87C-4D39-A9D8-41C8B9896A68}"
EndProject
Global
	GlobalSection(SolutionConfigurationPlatforms) = preSolution
		Debug|Any CPU = Debug|Any CPU
		Release|Any CPU = Release|Any CPU
	EndGlobalSection
	GlobalSection(ProjectConfigurationPlatforms) = postSolution
		{E5B4094C-AB80-4C33-AB6F-2E4EBFC8FEEC}.Debug|Any CPU.ActiveCfg = Debug|Any CPU
		{E5B4094C-AB80-4C33-AB6F-2E4EBFC8FEEC}.Debug|Any CPU.Build.0 = Debug|Any CPU
		{E5B4094C-AB80-4C33-AB6F-2E4EBFC8FEEC}.Release|Any CPU.ActiveCfg = Release|Any CPU
		{E5B4094C-AB80-4C33-AB6F-2E4EBFC8FEEC}.Release|Any CPU.Build.0 = Release|Any CPU
		{60740D39-D87C-4D39-A9D8-41C8B9896A68}.Debug|Any CPU.ActiveCfg = Debug|Any CPU
		{60740D39-D87C-4D39-A9D8-41C8B9896A68}.Debug|Any CPU.Build.0 = Debug|Any CPU
		{60740D39-D87C-4D39-A9D8-41C8B9896A68}.Release|Any CPU.ActiveCfg = Release|Any CPU
		{60740D39-D87C-4D39-A9D8-41C8B9896A68}.Release|Any CPU.Build.0 = Release|Any CPU
	EndGlobalSection
	GlobalSection(SolutionProperties) = preSolution
		HideSolutionNode = FALSE
	EndGlobalSection
	GlobalSection(ExtensibilityGlobals) = postSolution
		SolutionGuid = {8E2EC966-07D4-4FBA-960E-78BDBDEADCF8}
	EndGlobalSection
EndGlobal
