
Microsoft Visual Studio Solution File, Format Version 12.00
# Visual Studio 14
VisualStudioVersion = 14.0.25420.1
MinimumVisualStudioVersion = 10.0.40219.1
Project("{FAE04EC0-301F-11D3-BF4B-00C04F79EFBC}") = "DailyCleaning", "DailyCleaning\DailyCleaning.csproj", "{3DC61D0C-1AE1-4FF3-B7B1-1FCAF38453D0}"
EndProject
Global
	GlobalSection(SolutionConfigurationPlatforms) = preSolution
		Debug|Any CPU = Debug|Any CPU
		Release|Any CPU = Release|Any CPU
	EndGlobalSection
	GlobalSection(ProjectConfigurationPlatforms) = postSolution
		{3DC61D0C-1AE1-4FF3-B7B1-1FCAF38453D0}.Debug|Any CPU.ActiveCfg = Debug|Any CPU
		{3DC61D0C-1AE1-4FF3-B7B1-1FCAF38453D0}.Debug|Any CPU.Build.0 = Debug|Any CPU
		{3DC61D0C-1AE1-4FF3-B7B1-1FCAF38453D0}.Release|Any CPU.ActiveCfg = Release|Any CPU
		{3DC61D0C-1AE1-4FF3-B7B1-1FCAF38453D0}.Release|Any CPU.Build.0 = Release|Any CPU
	EndGlobalSection
	GlobalSection(SolutionProperties) = preSolution
		HideSolutionNode = FALSE
	EndGlobalSection
EndGlobal
